{
	"name": "@inrupt/solid-client-authn-node",
	"version": "1.11.8-alpha.1",
	"lockfileVersion": 2,
	"requires": true,
	"packages": {
		"": {
			"name": "@inrupt/solid-client-authn-node",
			"version": "1.11.7",
			"license": "MIT",
			"dependencies": {
				"@types/node": "^17.0.2",
				"@types/uuid": "^8.3.0",
				"cross-fetch": "^3.0.6",
				"jose": "^4.3.7",
				"openid-client": "^5.1.0",
				"uuid": "^8.3.2"
			},
			"devDependencies": {
				"@rollup/plugin-node-resolve": "^13.2.1"
			}
		},
		"node_modules/@rollup/plugin-node-resolve": {
			"version": "13.2.1",
			"resolved": "https://registry.npmjs.org/@rollup/plugin-node-resolve/-/plugin-node-resolve-13.2.1.tgz",
			"integrity": "sha512-btX7kzGvp1JwShQI9V6IM841YKNPYjKCvUbNrQ2EcVYbULtUd/GH6wZ/qdqH13j9pOHBER+EZXNN2L8RSJhVRA==",
			"dev": true,
			"dependencies": {
				"@rollup/pluginutils": "^3.1.0",
				"@types/resolve": "1.17.1",
				"builtin-modules": "^3.1.0",
				"deepmerge": "^4.2.2",
				"is-module": "^1.0.0",
				"resolve": "^1.19.0"
			},
			"engines": {
				"node": ">= 10.0.0"
			},
			"peerDependencies": {
				"rollup": "^2.42.0"
			}
		},
		"node_modules/@rollup/pluginutils": {
			"version": "3.1.0",
			"resolved": "https://registry.npmjs.org/@rollup/pluginutils/-/pluginutils-3.1.0.tgz",
			"integrity": "sha512-GksZ6pr6TpIjHm8h9lSQ8pi8BE9VeubNT0OMJ3B5uZJ8pz73NPiqOtCog/x2/QzM1ENChPKxMDhiQuRHsqc+lg==",
			"dev": true,
			"dependencies": {
				"@types/estree": "0.0.39",
				"estree-walker": "^1.0.1",
				"picomatch": "^2.2.2"
			},
			"engines": {
				"node": ">= 8.0.0"
			},
			"peerDependencies": {
				"rollup": "^1.20.0||^2.0.0"
			}
		},
		"node_modules/@types/estree": {
			"version": "0.0.39",
			"resolved": "https://registry.npmjs.org/@types/estree/-/estree-0.0.39.tgz",
			"integrity": "sha512-EYNwp3bU+98cpU4lAWYYL7Zz+2gryWH1qbdDTidVd6hkiR6weksdbMadyXKXNPEkQFhXM+hVO9ZygomHXp+AIw==",
			"dev": true
		},
		"node_modules/@types/node": {
			"version": "17.0.25",
			"resolved": "https://registry.npmjs.org/@types/node/-/node-17.0.25.tgz",
			"integrity": "sha512-wANk6fBrUwdpY4isjWrKTufkrXdu1D2YHCot2fD/DfWxF5sMrVSA+KN7ydckvaTCh0HiqX9IVl0L5/ZoXg5M7w=="
		},
		"node_modules/@types/resolve": {
			"version": "1.17.1",
			"resolved": "https://registry.npmjs.org/@types/resolve/-/resolve-1.17.1.tgz",
			"integrity": "sha512-yy7HuzQhj0dhGpD8RLXSZWEkLsV9ibvxvi6EiJ3bkqLAO1RGo0WbkWQiwpRlSFymTJRz0d3k5LM3kkx8ArDbLw==",
			"dev": true,
			"dependencies": {
				"@types/node": "*"
			}
		},
		"node_modules/@types/uuid": {
			"version": "8.3.4",
			"resolved": "https://registry.npmjs.org/@types/uuid/-/uuid-8.3.4.tgz",
			"integrity": "sha512-c/I8ZRb51j+pYGAu5CrFMRxqZ2ke4y2grEBO5AUjgSkSk+qT2Ea+OdWElz/OiMf5MNpn2b17kuVBwZLQJXzihw=="
		},
		"node_modules/builtin-modules": {
			"version": "3.2.0",
			"resolved": "https://registry.npmjs.org/builtin-modules/-/builtin-modules-3.2.0.tgz",
			"integrity": "sha512-lGzLKcioL90C7wMczpkY0n/oART3MbBa8R9OFGE1rJxoVI86u4WAGfEk8Wjv10eKSyTHVGkSo3bvBylCEtk7LA==",
			"dev": true,
			"engines": {
				"node": ">=6"
			},
			"funding": {
				"url": "https://github.com/sponsors/sindresorhus"
			}
		},
		"node_modules/cross-fetch": {
			"version": "3.1.5",
			"resolved": "https://registry.npmjs.org/cross-fetch/-/cross-fetch-3.1.5.tgz",
			"integrity": "sha512-lvb1SBsI0Z7GDwmuid+mU3kWVBwTVUbe7S0H52yaaAdQOXq2YktTCZdlAcNKFzE6QtRz0snpw9bNiPeOIkkQvw==",
			"dependencies": {
				"node-fetch": "2.6.7"
			}
		},
		"node_modules/deepmerge": {
			"version": "4.2.2",
			"resolved": "https://registry.npmjs.org/deepmerge/-/deepmerge-4.2.2.tgz",
			"integrity": "sha512-FJ3UgI4gIl+PHZm53knsuSFpE+nESMr7M4v9QcgB7S63Kj/6WqMiFQJpBBYz1Pt+66bZpP3Q7Lye0Oo9MPKEdg==",
			"dev": true,
			"engines": {
				"node": ">=0.10.0"
			}
		},
		"node_modules/estree-walker": {
			"version": "1.0.1",
			"resolved": "https://registry.npmjs.org/estree-walker/-/estree-walker-1.0.1.tgz",
			"integrity": "sha512-1fMXF3YP4pZZVozF8j/ZLfvnR8NSIljt56UhbZ5PeeDmmGHpgpdwQt7ITlGvYaQukCvuBRMLEiKiYC+oeIg4cg==",
			"dev": true
		},
		"node_modules/fsevents": {
			"version": "2.3.2",
			"resolved": "https://registry.npmjs.org/fsevents/-/fsevents-2.3.2.tgz",
			"integrity": "sha512-xiqMQR4xAeHTuB9uWm+fFRcIOgKBMiOBP+eXiyT7jsgVCq1bkVygt00oASowB7EdtpOHaaPgKt812P9ab+DDKA==",
			"dev": true,
			"hasInstallScript": true,
			"optional": true,
			"os": [
				"darwin"
			],
			"peer": true,
			"engines": {
				"node": "^8.16.0 || ^10.6.0 || >=11.0.0"
			}
		},
		"node_modules/function-bind": {
			"version": "1.1.1",
			"resolved": "https://registry.npmjs.org/function-bind/-/function-bind-1.1.1.tgz",
			"integrity": "sha512-yIovAzMX49sF8Yl58fSCWJ5svSLuaibPxXQJFLmBObTuCr0Mf1KiPopGM9NiFjiYBCbfaa2Fh6breQ6ANVTI0A==",
			"dev": true
		},
		"node_modules/has": {
			"version": "1.0.3",
			"resolved": "https://registry.npmjs.org/has/-/has-1.0.3.tgz",
			"integrity": "sha512-f2dvO0VU6Oej7RkWJGrehjbzMAjFp5/VKPp5tTpWIV4JHHZK1/BxbFRtf/siA2SWTe09caDmVtYYzWEIbBS4zw==",
			"dev": true,
			"dependencies": {
				"function-bind": "^1.1.1"
			},
			"engines": {
				"node": ">= 0.4.0"
			}
		},
		"node_modules/is-core-module": {
			"version": "2.9.0",
			"resolved": "https://registry.npmjs.org/is-core-module/-/is-core-module-2.9.0.tgz",
			"integrity": "sha512-+5FPy5PnwmO3lvfMb0AsoPaBG+5KHUI0wYFXOtYPnVVVspTFUuMZNfNaNVRt3FZadstu2c8x23vykRW/NBoU6A==",
			"dev": true,
			"dependencies": {
				"has": "^1.0.3"
			},
			"funding": {
				"url": "https://github.com/sponsors/ljharb"
			}
		},
		"node_modules/is-module": {
			"version": "1.0.0",
			"resolved": "https://registry.npmjs.org/is-module/-/is-module-1.0.0.tgz",
			"integrity": "sha1-Mlj7afeMFNW4FdZkM2tM/7ZEFZE=",
			"dev": true
		},
		"node_modules/jose": {
			"version": "4.7.0",
			"resolved": "https://registry.npmjs.org/jose/-/jose-4.7.0.tgz",
			"integrity": "sha512-DJNm2vlcVW+0Fhl5LVxdhXK5Nw5VYZvL79uiq3ZCRm6vqzTuEVT9T5lIRfzmkGbaaiV+edefGog25TWVyJ4mRQ==",
			"funding": {
				"url": "https://github.com/sponsors/panva"
			}
		},
		"node_modules/lru-cache": {
			"version": "6.0.0",
			"resolved": "https://registry.npmjs.org/lru-cache/-/lru-cache-6.0.0.tgz",
			"integrity": "sha512-Jo6dJ04CmSjuznwJSS3pUeWmd/H0ffTlkXXgwZi+eq1UCmqQwCh+eLsYOYCwY991i2Fah4h1BEMCx4qThGbsiA==",
			"dependencies": {
				"yallist": "^4.0.0"
			},
			"engines": {
				"node": ">=10"
			}
		},
		"node_modules/node-fetch": {
			"version": "2.6.7",
			"resolved": "https://registry.npmjs.org/node-fetch/-/node-fetch-2.6.7.tgz",
			"integrity": "sha512-ZjMPFEfVx5j+y2yF35Kzx5sF7kDzxuDj6ziH4FFbOp87zKDZNx8yExJIb05OGF4Nlt9IHFIMBkRl41VdvcNdbQ==",
			"dependencies": {
				"whatwg-url": "^5.0.0"
			},
			"engines": {
				"node": "4.x || >=6.0.0"
			},
			"peerDependencies": {
				"encoding": "^0.1.0"
			},
			"peerDependenciesMeta": {
				"encoding": {
					"optional": true
				}
			}
		},
		"node_modules/object-hash": {
			"version": "2.2.0",
			"resolved": "https://registry.npmjs.org/object-hash/-/object-hash-2.2.0.tgz",
			"integrity": "sha512-gScRMn0bS5fH+IuwyIFgnh9zBdo4DV+6GhygmWM9HyNJSgS0hScp1f5vjtm7oIIOiT9trXrShAkLFSc2IqKNgw==",
			"engines": {
				"node": ">= 6"
			}
		},
		"node_modules/oidc-token-hash": {
			"version": "5.0.1",
			"resolved": "https://registry.npmjs.org/oidc-token-hash/-/oidc-token-hash-5.0.1.tgz",
			"integrity": "sha512-EvoOtz6FIEBzE+9q253HsLCVRiK/0doEJ2HCvvqMQb3dHZrP3WlJKYtJ55CRTw4jmYomzH4wkPuCj/I3ZvpKxQ==",
			"engines": {
				"node": "^10.13.0 || >=12.0.0"
			}
		},
		"node_modules/openid-client": {
			"version": "5.1.5",
			"resolved": "https://registry.npmjs.org/openid-client/-/openid-client-5.1.5.tgz",
			"integrity": "sha512-m41p7V/iXyqc0WZeo20uwKk8NPDAtYd3JS0uWjttcqwvFo4YNYAKegMAMea1qG5RClddQ6rV9ec/TP6ZvsCrYw==",
			"dependencies": {
				"jose": "^4.1.4",
				"lru-cache": "^6.0.0",
				"object-hash": "^2.0.1",
				"oidc-token-hash": "^5.0.1"
			},
			"engines": {
				"node": "^12.19.0 || ^14.15.0 || ^16.13.0"
			},
			"funding": {
				"url": "https://github.com/sponsors/panva"
			}
		},
		"node_modules/path-parse": {
			"version": "1.0.7",
			"resolved": "https://registry.npmjs.org/path-parse/-/path-parse-1.0.7.tgz",
			"integrity": "sha512-LDJzPVEEEPR+y48z93A0Ed0yXb8pAByGWo/k5YYdYgpY2/2EsOsksJrq7lOHxryrVOn1ejG6oAp8ahvOIQD8sw==",
			"dev": true
		},
		"node_modules/picomatch": {
			"version": "2.3.1",
			"resolved": "https://registry.npmjs.org/picomatch/-/picomatch-2.3.1.tgz",
			"integrity": "sha512-JU3teHTNjmE2VCGFzuY8EXzCDVwEqB2a8fsIvwaStHhAWJEeVd1o1QD80CU6+ZdEXXSLbSsuLwJjkCBWqRQUVA==",
			"dev": true,
			"engines": {
				"node": ">=8.6"
			},
			"funding": {
				"url": "https://github.com/sponsors/jonschlinkert"
			}
		},
		"node_modules/resolve": {
			"version": "1.22.0",
			"resolved": "https://registry.npmjs.org/resolve/-/resolve-1.22.0.tgz",
			"integrity": "sha512-Hhtrw0nLeSrFQ7phPp4OOcVjLPIeMnRlr5mcnVuMe7M/7eBn98A3hmFRLoFo3DLZkivSYwhRUJTyPyWAk56WLw==",
			"dev": true,
			"dependencies": {
				"is-core-module": "^2.8.1",
				"path-parse": "^1.0.7",
				"supports-preserve-symlinks-flag": "^1.0.0"
			},
			"bin": {
				"resolve": "bin/resolve"
			},
			"funding": {
				"url": "https://github.com/sponsors/ljharb"
			}
		},
		"node_modules/rollup": {
			"version": "2.70.2",
			"resolved": "https://registry.npmjs.org/rollup/-/rollup-2.70.2.tgz",
			"integrity": "sha512-EitogNZnfku65I1DD5Mxe8JYRUCy0hkK5X84IlDtUs+O6JRMpRciXTzyCUuX11b5L5pvjH+OmFXiQ3XjabcXgg==",
			"dev": true,
			"peer": true,
			"bin": {
				"rollup": "dist/bin/rollup"
			},
			"engines": {
				"node": ">=10.0.0"
			},
			"optionalDependencies": {
				"fsevents": "~2.3.2"
			}
		},
		"node_modules/supports-preserve-symlinks-flag": {
			"version": "1.0.0",
			"resolved": "https://registry.npmjs.org/supports-preserve-symlinks-flag/-/supports-preserve-symlinks-flag-1.0.0.tgz",
			"integrity": "sha512-ot0WnXS9fgdkgIcePe6RHNk1WA8+muPa6cSjeR3V8K27q9BB1rTE3R1p7Hv0z1ZyAc8s6Vvv8DIyWf681MAt0w==",
			"dev": true,
			"engines": {
				"node": ">= 0.4"
			},
			"funding": {
				"url": "https://github.com/sponsors/ljharb"
			}
		},
		"node_modules/tr46": {
			"version": "0.0.3",
			"resolved": "https://registry.npmjs.org/tr46/-/tr46-0.0.3.tgz",
			"integrity": "sha1-gYT9NH2snNwYWZLzpmIuFLnZq2o="
		},
		"node_modules/uuid": {
			"version": "8.3.2",
			"resolved": "https://registry.npmjs.org/uuid/-/uuid-8.3.2.tgz",
			"integrity": "sha512-+NYs2QeMWy+GWFOEm9xnn6HCDp0l7QBD7ml8zLUmJ+93Q5NF0NocErnwkTkXVFNiX3/fpC6afS8Dhb/gz7R7eg==",
			"bin": {
				"uuid": "dist/bin/uuid"
			}
		},
		"node_modules/webidl-conversions": {
			"version": "3.0.1",
			"resolved": "https://registry.npmjs.org/webidl-conversions/-/webidl-conversions-3.0.1.tgz",
			"integrity": "sha1-JFNCdeKnvGvnvIZhHMFq4KVlSHE="
		},
		"node_modules/whatwg-url": {
			"version": "5.0.0",
			"resolved": "https://registry.npmjs.org/whatwg-url/-/whatwg-url-5.0.0.tgz",
			"integrity": "sha1-lmRU6HZUYuN2RNNib2dCzotwll0=",
			"dependencies": {
				"tr46": "~0.0.3",
				"webidl-conversions": "^3.0.0"
			}
		},
		"node_modules/yallist": {
			"version": "4.0.0",
			"resolved": "https://registry.npmjs.org/yallist/-/yallist-4.0.0.tgz",
			"integrity": "sha512-3wdGidZyq5PB084XLES5TpOSRA3wjXAlIWMhum2kRcv/41Sn2emQ0dycQW4uZXLejwKvg6EsvbdlVL+FYEct7A=="
		}
	},
	"dependencies": {
		"@rollup/plugin-node-resolve": {
			"version": "13.2.1",
			"resolved": "https://registry.npmjs.org/@rollup/plugin-node-resolve/-/plugin-node-resolve-13.2.1.tgz",
			"integrity": "sha512-btX7kzGvp1JwShQI9V6IM841YKNPYjKCvUbNrQ2EcVYbULtUd/GH6wZ/qdqH13j9pOHBER+EZXNN2L8RSJhVRA==",
			"dev": true,
			"requires": {
				"@rollup/pluginutils": "^3.1.0",
				"@types/resolve": "1.17.1",
				"builtin-modules": "^3.1.0",
				"deepmerge": "^4.2.2",
				"is-module": "^1.0.0",
				"resolve": "^1.19.0"
			}
		},
		"@rollup/pluginutils": {
			"version": "3.1.0",
			"resolved": "https://registry.npmjs.org/@rollup/pluginutils/-/pluginutils-3.1.0.tgz",
			"integrity": "sha512-GksZ6pr6TpIjHm8h9lSQ8pi8BE9VeubNT0OMJ3B5uZJ8pz73NPiqOtCog/x2/QzM1ENChPKxMDhiQuRHsqc+lg==",
			"dev": true,
			"requires": {
				"@types/estree": "0.0.39",
				"estree-walker": "^1.0.1",
				"picomatch": "^2.2.2"
			}
		},
		"@types/estree": {
			"version": "0.0.39",
			"resolved": "https://registry.npmjs.org/@types/estree/-/estree-0.0.39.tgz",
			"integrity": "sha512-EYNwp3bU+98cpU4lAWYYL7Zz+2gryWH1qbdDTidVd6hkiR6weksdbMadyXKXNPEkQFhXM+hVO9ZygomHXp+AIw==",
			"dev": true
		},
		"@types/node": {
			"version": "17.0.25",
			"resolved": "https://registry.npmjs.org/@types/node/-/node-17.0.25.tgz",
			"integrity": "sha512-wANk6fBrUwdpY4isjWrKTufkrXdu1D2YHCot2fD/DfWxF5sMrVSA+KN7ydckvaTCh0HiqX9IVl0L5/ZoXg5M7w=="
		},
		"@types/resolve": {
			"version": "1.17.1",
			"resolved": "https://registry.npmjs.org/@types/resolve/-/resolve-1.17.1.tgz",
			"integrity": "sha512-yy7HuzQhj0dhGpD8RLXSZWEkLsV9ibvxvi6EiJ3bkqLAO1RGo0WbkWQiwpRlSFymTJRz0d3k5LM3kkx8ArDbLw==",
			"dev": true,
			"requires": {
				"@types/node": "*"
			}
		},
		"@types/uuid": {
			"version": "8.3.4",
			"resolved": "https://registry.npmjs.org/@types/uuid/-/uuid-8.3.4.tgz",
			"integrity": "sha512-c/I8ZRb51j+pYGAu5CrFMRxqZ2ke4y2grEBO5AUjgSkSk+qT2Ea+OdWElz/OiMf5MNpn2b17kuVBwZLQJXzihw=="
		},
		"builtin-modules": {
			"version": "3.2.0",
			"resolved": "https://registry.npmjs.org/builtin-modules/-/builtin-modules-3.2.0.tgz",
			"integrity": "sha512-lGzLKcioL90C7wMczpkY0n/oART3MbBa8R9OFGE1rJxoVI86u4WAGfEk8Wjv10eKSyTHVGkSo3bvBylCEtk7LA==",
			"dev": true
		},
		"cross-fetch": {
			"version": "3.1.5",
			"resolved": "https://registry.npmjs.org/cross-fetch/-/cross-fetch-3.1.5.tgz",
			"integrity": "sha512-lvb1SBsI0Z7GDwmuid+mU3kWVBwTVUbe7S0H52yaaAdQOXq2YktTCZdlAcNKFzE6QtRz0snpw9bNiPeOIkkQvw==",
			"requires": {
				"node-fetch": "2.6.7"
			}
		},
		"deepmerge": {
			"version": "4.2.2",
			"resolved": "https://registry.npmjs.org/deepmerge/-/deepmerge-4.2.2.tgz",
			"integrity": "sha512-FJ3UgI4gIl+PHZm53knsuSFpE+nESMr7M4v9QcgB7S63Kj/6WqMiFQJpBBYz1Pt+66bZpP3Q7Lye0Oo9MPKEdg==",
			"dev": true
		},
		"estree-walker": {
			"version": "1.0.1",
			"resolved": "https://registry.npmjs.org/estree-walker/-/estree-walker-1.0.1.tgz",
			"integrity": "sha512-1fMXF3YP4pZZVozF8j/ZLfvnR8NSIljt56UhbZ5PeeDmmGHpgpdwQt7ITlGvYaQukCvuBRMLEiKiYC+oeIg4cg==",
			"dev": true
		},
		"fsevents": {
			"version": "2.3.2",
			"resolved": "https://registry.npmjs.org/fsevents/-/fsevents-2.3.2.tgz",
			"integrity": "sha512-xiqMQR4xAeHTuB9uWm+fFRcIOgKBMiOBP+eXiyT7jsgVCq1bkVygt00oASowB7EdtpOHaaPgKt812P9ab+DDKA==",
			"dev": true,
			"optional": true,
			"peer": true
		},
		"function-bind": {
			"version": "1.1.1",
			"resolved": "https://registry.npmjs.org/function-bind/-/function-bind-1.1.1.tgz",
			"integrity": "sha512-yIovAzMX49sF8Yl58fSCWJ5svSLuaibPxXQJFLmBObTuCr0Mf1KiPopGM9NiFjiYBCbfaa2Fh6breQ6ANVTI0A==",
			"dev": true
		},
		"has": {
			"version": "1.0.3",
			"resolved": "https://registry.npmjs.org/has/-/has-1.0.3.tgz",
			"integrity": "sha512-f2dvO0VU6Oej7RkWJGrehjbzMAjFp5/VKPp5tTpWIV4JHHZK1/BxbFRtf/siA2SWTe09caDmVtYYzWEIbBS4zw==",
			"dev": true,
			"requires": {
				"function-bind": "^1.1.1"
			}
		},
		"is-core-module": {
			"version": "2.9.0",
			"resolved": "https://registry.npmjs.org/is-core-module/-/is-core-module-2.9.0.tgz",
			"integrity": "sha512-+5FPy5PnwmO3lvfMb0AsoPaBG+5KHUI0wYFXOtYPnVVVspTFUuMZNfNaNVRt3FZadstu2c8x23vykRW/NBoU6A==",
			"dev": true,
			"requires": {
				"has": "^1.0.3"
			}
		},
		"is-module": {
			"version": "1.0.0",
			"resolved": "https://registry.npmjs.org/is-module/-/is-module-1.0.0.tgz",
			"integrity": "sha1-Mlj7afeMFNW4FdZkM2tM/7ZEFZE=",
			"dev": true
		},
		"jose": {
			"version": "4.7.0",
			"resolved": "https://registry.npmjs.org/jose/-/jose-4.7.0.tgz",
			"integrity": "sha512-DJNm2vlcVW+0Fhl5LVxdhXK5Nw5VYZvL79uiq3ZCRm6vqzTuEVT9T5lIRfzmkGbaaiV+edefGog25TWVyJ4mRQ=="
		},
		"lru-cache": {
			"version": "6.0.0",
			"resolved": "https://registry.npmjs.org/lru-cache/-/lru-cache-6.0.0.tgz",
			"integrity": "sha512-Jo6dJ04CmSjuznwJSS3pUeWmd/H0ffTlkXXgwZi+eq1UCmqQwCh+eLsYOYCwY991i2Fah4h1BEMCx4qThGbsiA==",
			"requires": {
				"yallist": "^4.0.0"
			}
		},
		"node-fetch": {
			"version": "2.6.7",
			"resolved": "https://registry.npmjs.org/node-fetch/-/node-fetch-2.6.7.tgz",
			"integrity": "sha512-ZjMPFEfVx5j+y2yF35Kzx5sF7kDzxuDj6ziH4FFbOp87zKDZNx8yExJIb05OGF4Nlt9IHFIMBkRl41VdvcNdbQ==",
			"requires": {
				"whatwg-url": "^5.0.0"
			}
		},
		"object-hash": {
			"version": "2.2.0",
			"resolved": "https://registry.npmjs.org/object-hash/-/object-hash-2.2.0.tgz",
			"integrity": "sha512-gScRMn0bS5fH+IuwyIFgnh9zBdo4DV+6GhygmWM9HyNJSgS0hScp1f5vjtm7oIIOiT9trXrShAkLFSc2IqKNgw=="
		},
		"oidc-token-hash": {
			"version": "5.0.1",
			"resolved": "https://registry.npmjs.org/oidc-token-hash/-/oidc-token-hash-5.0.1.tgz",
			"integrity": "sha512-EvoOtz6FIEBzE+9q253HsLCVRiK/0doEJ2HCvvqMQb3dHZrP3WlJKYtJ55CRTw4jmYomzH4wkPuCj/I3ZvpKxQ=="
		},
		"openid-client": {
			"version": "5.1.5",
			"resolved": "https://registry.npmjs.org/openid-client/-/openid-client-5.1.5.tgz",
			"integrity": "sha512-m41p7V/iXyqc0WZeo20uwKk8NPDAtYd3JS0uWjttcqwvFo4YNYAKegMAMea1qG5RClddQ6rV9ec/TP6ZvsCrYw==",
			"requires": {
				"jose": "^4.1.4",
				"lru-cache": "^6.0.0",
				"object-hash": "^2.0.1",
				"oidc-token-hash": "^5.0.1"
			}
		},
		"path-parse": {
			"version": "1.0.7",
			"resolved": "https://registry.npmjs.org/path-parse/-/path-parse-1.0.7.tgz",
			"integrity": "sha512-LDJzPVEEEPR+y48z93A0Ed0yXb8pAByGWo/k5YYdYgpY2/2EsOsksJrq7lOHxryrVOn1ejG6oAp8ahvOIQD8sw==",
			"dev": true
		},
		"picomatch": {
			"version": "2.3.1",
			"resolved": "https://registry.npmjs.org/picomatch/-/picomatch-2.3.1.tgz",
			"integrity": "sha512-JU3teHTNjmE2VCGFzuY8EXzCDVwEqB2a8fsIvwaStHhAWJEeVd1o1QD80CU6+ZdEXXSLbSsuLwJjkCBWqRQUVA==",
			"dev": true
		},
		"resolve": {
			"version": "1.22.0",
			"resolved": "https://registry.npmjs.org/resolve/-/resolve-1.22.0.tgz",
			"integrity": "sha512-Hhtrw0nLeSrFQ7phPp4OOcVjLPIeMnRlr5mcnVuMe7M/7eBn98A3hmFRLoFo3DLZkivSYwhRUJTyPyWAk56WLw==",
			"dev": true,
			"requires": {
				"is-core-module": "^2.8.1",
				"path-parse": "^1.0.7",
				"supports-preserve-symlinks-flag": "^1.0.0"
			}
		},
		"rollup": {
			"version": "2.70.2",
			"resolved": "https://registry.npmjs.org/rollup/-/rollup-2.70.2.tgz",
			"integrity": "sha512-EitogNZnfku65I1DD5Mxe8JYRUCy0hkK5X84IlDtUs+O6JRMpRciXTzyCUuX11b5L5pvjH+OmFXiQ3XjabcXgg==",
			"dev": true,
			"peer": true,
			"requires": {
				"fsevents": "~2.3.2"
			}
		},
		"supports-preserve-symlinks-flag": {
			"version": "1.0.0",
			"resolved": "https://registry.npmjs.org/supports-preserve-symlinks-flag/-/supports-preserve-symlinks-flag-1.0.0.tgz",
			"integrity": "sha512-ot0WnXS9fgdkgIcePe6RHNk1WA8+muPa6cSjeR3V8K27q9BB1rTE3R1p7Hv0z1ZyAc8s6Vvv8DIyWf681MAt0w==",
			"dev": true
		},
		"tr46": {
			"version": "0.0.3",
			"resolved": "https://registry.npmjs.org/tr46/-/tr46-0.0.3.tgz",
			"integrity": "sha1-gYT9NH2snNwYWZLzpmIuFLnZq2o="
		},
		"uuid": {
			"version": "8.3.2",
			"resolved": "https://registry.npmjs.org/uuid/-/uuid-8.3.2.tgz",
			"integrity": "sha512-+NYs2QeMWy+GWFOEm9xnn6HCDp0l7QBD7ml8zLUmJ+93Q5NF0NocErnwkTkXVFNiX3/fpC6afS8Dhb/gz7R7eg=="
		},
		"webidl-conversions": {
			"version": "3.0.1",
			"resolved": "https://registry.npmjs.org/webidl-conversions/-/webidl-conversions-3.0.1.tgz",
			"integrity": "sha1-JFNCdeKnvGvnvIZhHMFq4KVlSHE="
		},
		"whatwg-url": {
			"version": "5.0.0",
			"resolved": "https://registry.npmjs.org/whatwg-url/-/whatwg-url-5.0.0.tgz",
			"integrity": "sha1-lmRU6HZUYuN2RNNib2dCzotwll0=",
			"requires": {
				"tr46": "~0.0.3",
				"webidl-conversions": "^3.0.0"
			}
		},
		"yallist": {
			"version": "4.0.0",
			"resolved": "https://registry.npmjs.org/yallist/-/yallist-4.0.0.tgz",
			"integrity": "sha512-3wdGidZyq5PB084XLES5TpOSRA3wjXAlIWMhum2kRcv/41Sn2emQ0dycQW4uZXLejwKvg6EsvbdlVL+FYEct7A=="
		}
	}
}
