{
  "name": "@rubensworks/solid-client-authn-node",
  "version": "1.12.1",
  "lockfileVersion": 2,
  "requires": true,
  "packages": {
    "": {
      "name": "@rubensworks/solid-client-authn-node",
      "version": "1.12.1",
      "license": "MIT",
      "dependencies": {
        "@rubensworks/solid-client-authn-core": "file:../core",
        "cross-fetch": "^3.1.5",
        "jose": "^4.3.7",
        "openid-client": "^5.1.0",
        "uuid": "^8.3.2"
      },
      "devDependencies": {
        "@types/node": "^17.0.2",
        "@types/uuid": "^8.3.0"
      },
      "engines": {
        "node": ">=14.0"
      }
    },
    "../core": {
      "name": "@rubensworks/solid-client-authn-core",
      "version": "1.12.1",
      "license": "MIT",
      "dependencies": {
        "@inrupt/solid-common-vocab": "^1.0.0",
        "@types/lodash.clonedeep": "^4.5.6",
        "@types/uuid": "^8.3.0",
        "cross-fetch": "^3.1.5",
        "events": "^3.3.0",
        "jose": "^4.3.7",
        "lodash.clonedeep": "^4.5.0",
        "uuid": "^8.3.1"
      },
      "devDependencies": {
        "@inrupt/vocab-inrupt-common": "^0.7.2",
        "@types/n3": "^1.4.4",
        "n3": "^1.6.4"
      }
    },
    "../core/node_modules/@inrupt/solid-common-vocab": {
      "version": "1.0.0",
      "license": "MIT"
    },
    "../core/node_modules/@inrupt/vocab-inrupt-common": {
      "version": "0.7.5",
      "dev": true,
      "license": "MIT",
      "dependencies": {
        "@inrupt/solid-common-vocab": "^0.5.3",
        "@types/rdf-js": "^4.0.0",
        "rdf-data-factory": "^1.0.4"
      }
    },
    "../core/node_modules/@inrupt/vocab-inrupt-common/node_modules/@inrupt/solid-common-vocab": {
      "version": "0.5.4",
      "dev": true,
      "license": "MIT"
    },
    "../core/node_modules/@rdfjs/types": {
      "version": "1.1.0",
      "dev": true,
      "license": "MIT",
      "dependencies": {
        "@types/node": "*"
      }
    },
    "../core/node_modules/@types/lodash": {
      "version": "4.14.179",
      "license": "MIT"
    },
    "../core/node_modules/@types/lodash.clonedeep": {
      "version": "4.5.7",
      "license": "MIT",
      "dependencies": {
        "@types/lodash": "*"
      }
    },
    "../core/node_modules/@types/n3": {
      "version": "1.10.4",
      "dev": true,
      "license": "MIT",
      "dependencies": {
        "@types/node": "*",
        "rdf-js": "^4.0.2"
      }
    },
    "../core/node_modules/@types/node": {
      "version": "17.0.21",
      "dev": true,
      "license": "MIT"
    },
    "../core/node_modules/@types/rdf-js": {
      "version": "4.0.2",
      "dev": true,
      "license": "MIT",
      "dependencies": {
        "rdf-js": "*"
      }
    },
    "../core/node_modules/@types/uuid": {
      "version": "8.3.4",
      "license": "MIT"
    },
    "../core/node_modules/cross-fetch": {
      "version": "3.1.5",
      "license": "MIT",
      "dependencies": {
        "node-fetch": "2.6.7"
      }
    },
    "../core/node_modules/events": {
      "version": "3.3.0",
      "license": "MIT",
      "engines": {
        "node": ">=0.8.x"
      }
    },
    "../core/node_modules/inherits": {
      "version": "2.0.4",
      "dev": true,
      "license": "ISC"
    },
    "../core/node_modules/jose": {
      "version": "4.8.3",
      "license": "MIT",
      "funding": {
        "url": "https://github.com/sponsors/panva"
      }
    },
    "../core/node_modules/lodash.clonedeep": {
      "version": "4.5.0",
      "license": "MIT"
    },
    "../core/node_modules/n3": {
      "version": "1.16.2",
      "dev": true,
      "license": "MIT",
      "dependencies": {
        "queue-microtask": "^1.1.2",
        "readable-stream": "^3.6.0"
      },
      "engines": {
        "node": ">=8.0"
      }
    },
    "../core/node_modules/node-fetch": {
      "version": "2.6.7",
      "license": "MIT",
      "dependencies": {
        "whatwg-url": "^5.0.0"
      },
      "engines": {
        "node": "4.x || >=6.0.0"
      },
      "peerDependencies": {
        "encoding": "^0.1.0"
      },
      "peerDependenciesMeta": {
        "encoding": {
          "optional": true
        }
      }
    },
    "../core/node_modules/node-fetch/node_modules/tr46": {
      "version": "0.0.3",
      "license": "MIT"
    },
    "../core/node_modules/node-fetch/node_modules/webidl-conversions": {
      "version": "3.0.1",
      "license": "BSD-2-Clause"
    },
    "../core/node_modules/node-fetch/node_modules/whatwg-url": {
      "version": "5.0.0",
      "license": "MIT",
      "dependencies": {
        "tr46": "~0.0.3",
        "webidl-conversions": "^3.0.0"
      }
    },
    "../core/node_modules/queue-microtask": {
      "version": "1.2.3",
      "dev": true,
      "funding": [
        {
          "type": "github",
          "url": "https://github.com/sponsors/feross"
        },
        {
          "type": "patreon",
          "url": "https://www.patreon.com/feross"
        },
        {
          "type": "consulting",
          "url": "https://feross.org/support"
        }
      ],
      "license": "MIT"
    },
    "../core/node_modules/rdf-data-factory": {
      "version": "1.1.0",
      "dev": true,
      "license": "MIT",
      "dependencies": {
        "@rdfjs/types": "*"
      }
    },
    "../core/node_modules/rdf-js": {
      "version": "4.0.2",
      "dev": true,
      "license": "MIT",
      "dependencies": {
        "@rdfjs/types": "*"
      }
    },
    "../core/node_modules/readable-stream": {
      "version": "3.6.0",
      "dev": true,
      "license": "MIT",
      "dependencies": {
        "inherits": "^2.0.3",
        "string_decoder": "^1.1.1",
        "util-deprecate": "^1.0.1"
      },
      "engines": {
        "node": ">= 6"
      }
    },
    "../core/node_modules/string_decoder": {
      "version": "1.3.0",
      "dev": true,
      "license": "MIT",
      "dependencies": {
        "safe-buffer": "~5.2.0"
      }
    },
    "../core/node_modules/string_decoder/node_modules/safe-buffer": {
      "version": "5.2.1",
      "dev": true,
      "funding": [
        {
          "type": "github",
          "url": "https://github.com/sponsors/feross"
        },
        {
          "type": "patreon",
          "url": "https://www.patreon.com/feross"
        },
        {
          "type": "consulting",
          "url": "https://feross.org/support"
        }
      ],
      "license": "MIT"
    },
    "../core/node_modules/util-deprecate": {
      "version": "1.0.2",
      "dev": true,
      "license": "MIT"
    },
    "../core/node_modules/uuid": {
      "version": "8.3.2",
      "license": "MIT",
      "bin": {
        "uuid": "dist/bin/uuid"
      }
    },
    "node_modules/@rubensworks/solid-client-authn-core": {
      "resolved": "../core",
      "link": true
    },
    "node_modules/@types/node": {
      "version": "17.0.25",
      "dev": true,
      "license": "MIT"
    },
    "node_modules/@types/uuid": {
      "version": "8.3.4",
      "dev": true,
      "license": "MIT"
    },
    "node_modules/cross-fetch": {
      "version": "3.1.5",
      "license": "MIT",
      "dependencies": {
        "node-fetch": "2.6.7"
      }
    },
    "node_modules/jose": {
      "version": "4.8.3",
      "license": "MIT",
      "funding": {
        "url": "https://github.com/sponsors/panva"
      }
    },
    "node_modules/lru-cache": {
      "version": "6.0.0",
      "license": "ISC",
      "dependencies": {
        "yallist": "^4.0.0"
      },
      "engines": {
        "node": ">=10"
      }
    },
    "node_modules/node-fetch": {
      "version": "2.6.7",
      "license": "MIT",
      "dependencies": {
        "whatwg-url": "^5.0.0"
      },
      "engines": {
        "node": "4.x || >=6.0.0"
      },
      "peerDependencies": {
        "encoding": "^0.1.0"
      },
      "peerDependenciesMeta": {
        "encoding": {
          "optional": true
        }
      }
    },
    "node_modules/node-fetch/node_modules/tr46": {
      "version": "0.0.3",
      "license": "MIT"
    },
    "node_modules/node-fetch/node_modules/webidl-conversions": {
      "version": "3.0.1",
      "license": "BSD-2-Clause"
    },
    "node_modules/node-fetch/node_modules/whatwg-url": {
      "version": "5.0.0",
      "license": "MIT",
      "dependencies": {
        "tr46": "~0.0.3",
        "webidl-conversions": "^3.0.0"
      }
    },
    "node_modules/object-hash": {
      "version": "2.2.0",
      "license": "MIT",
      "engines": {
        "node": ">= 6"
      }
    },
    "node_modules/oidc-token-hash": {
      "version": "5.0.1",
      "license": "MIT",
      "engines": {
        "node": "^10.13.0 || >=12.0.0"
      }
    },
    "node_modules/openid-client": {
      "version": "5.1.6",
      "license": "MIT",
      "dependencies": {
        "jose": "^4.1.4",
        "lru-cache": "^6.0.0",
        "object-hash": "^2.0.1",
        "oidc-token-hash": "^5.0.1"
      },
      "engines": {
        "node": "^12.19.0 || ^14.15.0 || ^16.13.0"
      },
      "funding": {
        "url": "https://github.com/sponsors/panva"
      }
    },
    "node_modules/uuid": {
      "version": "8.3.2",
      "license": "MIT",
      "bin": {
        "uuid": "dist/bin/uuid"
      }
    },
    "node_modules/yallist": {
      "version": "4.0.0",
      "license": "ISC"
    }
  },
  "dependencies": {
    "@rubensworks/solid-client-authn-core": {
      "version": "file:../core",
      "requires": {
        "@inrupt/solid-common-vocab": "^1.0.0",
        "@inrupt/vocab-inrupt-common": "^0.7.2",
        "@types/lodash.clonedeep": "^4.5.6",
        "@types/n3": "^1.4.4",
        "@types/uuid": "^8.3.0",
        "cross-fetch": "^3.1.5",
        "events": "^3.3.0",
        "jose": "^4.3.7",
        "lodash.clonedeep": "^4.5.0",
        "n3": "^1.6.4",
        "uuid": "^8.3.1"
      },
      "dependencies": {
        "@inrupt/solid-common-vocab": {
          "version": "1.0.0"
        },
        "@inrupt/vocab-inrupt-common": {
          "version": "0.7.5",
          "dev": true,
          "requires": {
            "@inrupt/solid-common-vocab": "^0.5.3",
            "@types/rdf-js": "^4.0.0",
            "rdf-data-factory": "^1.0.4"
          },
          "dependencies": {
            "@inrupt/solid-common-vocab": {
              "version": "0.5.4",
              "dev": true
            }
          }
        },
        "@rdfjs/types": {
          "version": "1.1.0",
          "dev": true,
          "requires": {
            "@types/node": "*"
          }
        },
        "@types/lodash": {
          "version": "4.14.179"
        },
        "@types/lodash.clonedeep": {
          "version": "4.5.7",
          "requires": {
            "@types/lodash": "*"
          }
        },
        "@types/n3": {
          "version": "1.10.4",
          "dev": true,
          "requires": {
            "@types/node": "*",
            "rdf-js": "^4.0.2"
          }
        },
        "@types/node": {
          "version": "17.0.21",
          "dev": true
        },
        "@types/rdf-js": {
          "version": "4.0.2",
          "dev": true,
          "requires": {
            "rdf-js": "*"
          }
        },
        "@types/uuid": {
          "version": "8.3.4"
        },
        "cross-fetch": {
          "version": "3.1.5",
          "requires": {
            "node-fetch": "2.6.7"
          }
        },
        "events": {
          "version": "3.3.0"
        },
        "inherits": {
          "version": "2.0.4",
          "dev": true
        },
        "jose": {
          "version": "4.8.3"
        },
        "lodash.clonedeep": {
          "version": "4.5.0"
        },
        "n3": {
          "version": "1.16.2",
          "dev": true,
          "requires": {
            "queue-microtask": "^1.1.2",
            "readable-stream": "^3.6.0"
          }
        },
        "node-fetch": {
          "version": "2.6.7",
          "requires": {
            "whatwg-url": "^5.0.0"
          },
          "dependencies": {
            "tr46": {
              "version": "0.0.3"
            },
            "webidl-conversions": {
              "version": "3.0.1"
            },
            "whatwg-url": {
              "version": "5.0.0",
              "requires": {
                "tr46": "~0.0.3",
                "webidl-conversions": "^3.0.0"
              }
            }
          }
        },
        "queue-microtask": {
          "version": "1.2.3",
          "dev": true
        },
        "rdf-data-factory": {
          "version": "1.1.0",
          "dev": true,
          "requires": {
            "@rdfjs/types": "*"
          }
        },
        "rdf-js": {
          "version": "4.0.2",
          "dev": true,
          "requires": {
            "@rdfjs/types": "*"
          }
        },
        "readable-stream": {
          "version": "3.6.0",
          "dev": true,
          "requires": {
            "inherits": "^2.0.3",
            "string_decoder": "^1.1.1",
            "util-deprecate": "^1.0.1"
          }
        },
        "string_decoder": {
          "version": "1.3.0",
          "dev": true,
          "requires": {
            "safe-buffer": "~5.2.0"
          },
          "dependencies": {
            "safe-buffer": {
              "version": "5.2.1",
              "dev": true
            }
          }
        },
        "util-deprecate": {
          "version": "1.0.2",
          "dev": true
        },
        "uuid": {
          "version": "8.3.2"
        }
      }
    },
    "@types/node": {
      "version": "17.0.25",
      "dev": true
    },
    "@types/uuid": {
      "version": "8.3.4",
      "dev": true
    },
    "cross-fetch": {
      "version": "3.1.5",
      "requires": {
        "node-fetch": "2.6.7"
      }
    },
    "jose": {
      "version": "4.8.3"
    },
    "lru-cache": {
      "version": "6.0.0",
      "requires": {
        "yallist": "^4.0.0"
      }
    },
    "node-fetch": {
      "version": "2.6.7",
      "requires": {
        "whatwg-url": "^5.0.0"
      },
      "dependencies": {
        "tr46": {
          "version": "0.0.3"
        },
        "webidl-conversions": {
          "version": "3.0.1"
        },
        "whatwg-url": {
          "version": "5.0.0",
          "requires": {
            "tr46": "~0.0.3",
            "webidl-conversions": "^3.0.0"
          }
        }
      }
    },
    "object-hash": {
      "version": "2.2.0"
    },
    "oidc-token-hash": {
      "version": "5.0.1"
    },
    "openid-client": {
      "version": "5.1.6",
      "requires": {
        "jose": "^4.1.4",
        "lru-cache": "^6.0.0",
        "object-hash": "^2.0.1",
        "oidc-token-hash": "^5.0.1"
      }
    },
    "uuid": {
      "version": "8.3.2"
    },
    "yallist": {
      "version": "4.0.0"
    }
  }
}
