{
  "name": "@inrupt/solid-client-authn-core",
  "version": "1.13.3-alpha.0",
  "lockfileVersion": 2,
  "requires": true,
  "packages": {
    "": {
      "name": "@inrupt/solid-client-authn-core",
      "version": "1.13.3-alpha.0",
      "license": "MIT",
      "dependencies": {
        "@inrupt/universal-fetch": "../../../universal-fetch",
        "events": "^3.3.0",
        "jose": "^4.10.0",
        "lodash.clonedeep": "^4.5.0",
        "uuid": "^9.0.0"
      },
      "devDependencies": {
        "@types/lodash.clonedeep": "^4.5.7",
        "@types/uuid": "^8.3.4"
      },
      "engines": {
        "node": "^14.0.0 || ^16.0.0"
      }
    },
    "../../../sandbox/jose-browser-cjs": {
      "version": "0.0.0",
      "extraneous": true,
      "license": "ISC",
      "dependencies": {
        "jose": "^4.10.0"
      },
      "devDependencies": {
        "rollup": "^3.1.0",
        "rollup-plugin-typescript2": "^0.34.1",
        "typescript": "^4.8.4"
      }
    },
    "../../../universal-fetch": {
      "version": "1.0.0-alpha.0",
      "license": "MIT",
      "dependencies": {
        "node-fetch": "^2.6.7",
        "undici": "^5.19.1"
      },
      "devDependencies": {
        "@inrupt/eslint-config-lib": "^1.5.5",
        "@rushstack/eslint-patch": "^1.2.0",
        "@types/dotenv-flow": "^3.2.0",
        "@types/jest": "^28.1.3",
        "@types/node": "^18.11.18",
        "dotenv-flow": "^3.2.0",
        "jest": "^28.1.1",
        "jest-environment-node": "^29.4.3",
        "prettier": "2.7.1",
        "rimraf": "^3.0.2",
        "rollup": "^3.15.0",
        "rollup-plugin-typescript2": "^0.34.1",
        "ts-jest": "^28.0.5",
        "typedoc": "^0.23.23",
        "typedoc-plugin-markdown": "^3.13.6",
        "typescript": "^4.9.4"
      }
    },
    "../../universal-fetch": {
      "extraneous": true
    },
    "node_modules/@inrupt/universal-fetch": {
      "resolved": "../../../universal-fetch",
      "link": true
    },
    "node_modules/@types/lodash": {
      "version": "4.14.186",
      "resolved": "https://registry.npmjs.org/@types/lodash/-/lodash-4.14.186.tgz",
      "integrity": "sha512-eHcVlLXP0c2FlMPm56ITode2AgLMSa6aJ05JTTbYbI+7EMkCEE5qk2E41d5g2lCVTqRe0GnnRFurmlCsDODrPw==",
      "dev": true
    },
    "node_modules/@types/lodash.clonedeep": {
      "version": "4.5.7",
      "resolved": "https://registry.npmjs.org/@types/lodash.clonedeep/-/lodash.clonedeep-4.5.7.tgz",
      "integrity": "sha512-ccNqkPptFIXrpVqUECi60/DFxjNKsfoQxSQsgcBJCX/fuX1wgyQieojkcWH/KpE3xzLoWN/2k+ZeGqIN3paSvw==",
      "dev": true,
      "dependencies": {
        "@types/lodash": "*"
      }
    },
    "node_modules/@types/uuid": {
      "version": "8.3.4",
      "resolved": "https://registry.npmjs.org/@types/uuid/-/uuid-8.3.4.tgz",
      "integrity": "sha512-c/I8ZRb51j+pYGAu5CrFMRxqZ2ke4y2grEBO5AUjgSkSk+qT2Ea+OdWElz/OiMf5MNpn2b17kuVBwZLQJXzihw==",
      "dev": true
    },
    "node_modules/events": {
      "version": "3.3.0",
      "resolved": "https://registry.npmjs.org/events/-/events-3.3.0.tgz",
      "integrity": "sha512-mQw+2fkQbALzQ7V0MY0IqdnXNOeTtP4r0lN9z7AAawCXgqea7bDii20AYrIBrFd/Hx0M2Ocz6S111CaFkUcb0Q==",
      "engines": {
        "node": ">=0.8.x"
      }
    },
    "node_modules/jose": {
      "version": "4.12.0",
      "resolved": "https://registry.npmjs.org/jose/-/jose-4.12.0.tgz",
      "integrity": "sha512-wW1u3cK81b+SFcHjGC8zw87yuyUweEFe0UJirrXEw1NasW00eF7sZjeG3SLBGz001ozxQ46Y9sofDvhBmWFtXQ==",
      "funding": {
        "url": "https://github.com/sponsors/panva"
      }
    },
    "node_modules/lodash.clonedeep": {
      "version": "4.5.0",
      "resolved": "https://registry.npmjs.org/lodash.clonedeep/-/lodash.clonedeep-4.5.0.tgz",
      "integrity": "sha1-4j8/nE+Pvd6HJSnBBxhXoIblzO8="
    },
    "node_modules/uuid": {
      "version": "9.0.0",
      "resolved": "https://registry.npmjs.org/uuid/-/uuid-9.0.0.tgz",
      "integrity": "sha512-MXcSTerfPa4uqyzStbRoTgt5XIe3x5+42+q1sDuy3R5MDk66URdLMOZe5aPX/SQd+kuYAh0FdP/pO28IkQyTeg==",
      "bin": {
        "uuid": "dist/bin/uuid"
      }
    }
  },
  "dependencies": {
    "@inrupt/universal-fetch": {
      "version": "file:../../../universal-fetch",
      "requires": {
        "@inrupt/eslint-config-lib": "^1.5.5",
        "@rushstack/eslint-patch": "^1.2.0",
        "@types/dotenv-flow": "^3.2.0",
        "@types/jest": "^28.1.3",
        "@types/node": "^18.11.18",
        "dotenv-flow": "^3.2.0",
        "jest": "^28.1.1",
        "jest-environment-node": "^29.4.3",
        "node-fetch": "^2.6.7",
        "prettier": "2.7.1",
        "rimraf": "^3.0.2",
        "rollup": "^3.15.0",
        "rollup-plugin-typescript2": "^0.34.1",
        "ts-jest": "^28.0.5",
        "typedoc": "^0.23.23",
        "typedoc-plugin-markdown": "^3.13.6",
        "typescript": "^4.9.4",
        "undici": "^5.19.1"
      }
    },
    "@types/lodash": {
      "version": "4.14.186",
      "resolved": "https://registry.npmjs.org/@types/lodash/-/lodash-4.14.186.tgz",
      "integrity": "sha512-eHcVlLXP0c2FlMPm56ITode2AgLMSa6aJ05JTTbYbI+7EMkCEE5qk2E41d5g2lCVTqRe0GnnRFurmlCsDODrPw==",
      "dev": true
    },
    "@types/lodash.clonedeep": {
      "version": "4.5.7",
      "resolved": "https://registry.npmjs.org/@types/lodash.clonedeep/-/lodash.clonedeep-4.5.7.tgz",
      "integrity": "sha512-ccNqkPptFIXrpVqUECi60/DFxjNKsfoQxSQsgcBJCX/fuX1wgyQieojkcWH/KpE3xzLoWN/2k+ZeGqIN3paSvw==",
      "dev": true,
      "requires": {
        "@types/lodash": "*"
      }
    },
    "@types/uuid": {
      "version": "8.3.4",
      "resolved": "https://registry.npmjs.org/@types/uuid/-/uuid-8.3.4.tgz",
      "integrity": "sha512-c/I8ZRb51j+pYGAu5CrFMRxqZ2ke4y2grEBO5AUjgSkSk+qT2Ea+OdWElz/OiMf5MNpn2b17kuVBwZLQJXzihw==",
      "dev": true
    },
    "events": {
      "version": "3.3.0",
      "resolved": "https://registry.npmjs.org/events/-/events-3.3.0.tgz",
      "integrity": "sha512-mQw+2fkQbALzQ7V0MY0IqdnXNOeTtP4r0lN9z7AAawCXgqea7bDii20AYrIBrFd/Hx0M2Ocz6S111CaFkUcb0Q=="
    },
    "jose": {
      "version": "4.12.0",
      "resolved": "https://registry.npmjs.org/jose/-/jose-4.12.0.tgz",
      "integrity": "sha512-wW1u3cK81b+SFcHjGC8zw87yuyUweEFe0UJirrXEw1NasW00eF7sZjeG3SLBGz001ozxQ46Y9sofDvhBmWFtXQ=="
    },
    "lodash.clonedeep": {
      "version": "4.5.0",
      "resolved": "https://registry.npmjs.org/lodash.clonedeep/-/lodash.clonedeep-4.5.0.tgz",
      "integrity": "sha1-4j8/nE+Pvd6HJSnBBxhXoIblzO8="
    },
    "uuid": {
      "version": "9.0.0",
      "resolved": "https://registry.npmjs.org/uuid/-/uuid-9.0.0.tgz",
      "integrity": "sha512-MXcSTerfPa4uqyzStbRoTgt5XIe3x5+42+q1sDuy3R5MDk66URdLMOZe5aPX/SQd+kuYAh0FdP/pO28IkQyTeg=="
    }
  }
}
