{
  "name": "e2e-browser",
  "version": "1.11.9-alpha.1",
  "lockfileVersion": 2,
  "requires": true,
  "packages": {
    "": {
      "name": "e2e-browser",
      "version": "1.11.8-alpha.1",
      "license": "MIT",
      "devDependencies": {
        "@inrupt/solid-client-authn-node": "file:../../packages/node"
      }
    },
    "../../packages/node": {
      "name": "@inrupt/solid-client-authn-node",
      "version": "1.11.8-alpha.1",
      "dev": true,
      "license": "MIT",
      "dependencies": {
        "@inrupt/solid-client-authn-core": "file:../core",
        "@types/node": "^17.0.2",
        "@types/uuid": "^8.3.0",
        "cross-fetch": "^3.0.6",
        "jose": "^4.3.7",
        "openid-client": "^5.1.0",
        "uuid": "^8.3.2"
      }
    },
    "node_modules/@inrupt/solid-client-authn-node": {
      "resolved": "../../packages/node",
      "link": true
    }
  },
  "dependencies": {
    "@inrupt/solid-client-authn-node": {
      "version": "file:../../packages/node",
      "requires": {
        "@inrupt/solid-client-authn-core": "file:../core",
        "@types/node": "^17.0.2",
        "@types/uuid": "^8.3.0",
        "cross-fetch": "^3.0.6",
        "jose": "^4.3.7",
        "openid-client": "^5.1.0",
        "uuid": "^8.3.2"
      }
    }
  }
}
